version = 1
revision = 3
requires-python = ">=3.14"

[[package]]
name = "pp-voice-agent"
version = "0.1.0"
source = { virtual = "." }
dependencies = [
    { name = "sherpa-onnx" },
    { name = "sherpa-onnx-bin" },
    { name = "sherpa-onnx-core" },
]

[package.metadata]
requires-dist = [
    { name = "sherpa-onnx" },
    { name = "sherpa-onnx-bin" },
    { name = "sherpa-onnx-core" },
]

[[package]]
name = "sherpa-onnx"
version = "1.12.33"
source = { registry = "https://k2-fsa.github.io/sherpa/onnx/cpu.html" }
wheels = [
    { url = "https://huggingface.co/csukuangfj2/sherpa-onnx-wheels/resolve/main/cpu/1.12.33/sherpa_onnx-1.12.33-cp314-cp314-linux_armv7l.whl" },
    { url = "https://huggingface.co/csukuangfj2/sherpa-onnx-wheels/resolve/main/cpu/1.12.33/sherpa_onnx-1.12.33-cp314-cp314-macosx_10_15_universal2.whl" },
    { url = "https://huggingface.co/csukuangfj2/sherpa-onnx-wheels/resolve/main/cpu/1.12.33/sherpa_onnx-1.12.33-cp314-cp314-macosx_10_15_x86_64.whl" },
    { url = "https://huggingface.co/csukuangfj2/sherpa-onnx-wheels/resolve/main/cpu/1.12.33/sherpa_onnx-1.12.33-cp314-cp314-macosx_11_0_arm64.whl" },
    { url = "https://huggingface.co/csukuangfj2/sherpa-onnx-wheels/resolve/main/cpu/1.12.33/sherpa_onnx-1.12.33-cp314-cp314-manylinux2014_aarch64.manylinux_2_17_aarch64.whl" },
    { url = "https://huggingface.co/csukuangfj2/sherpa-onnx-wheels/resolve/main/cpu/1.12.33/sherpa_onnx-1.12.33-cp314-cp314-manylinux2014_x86_64.manylinux_2_17_x86_64.whl" },
    { url = "https://huggingface.co/csukuangfj2/sherpa-onnx-wheels/resolve/main/cpu/1.12.33/sherpa_onnx-1.12.33-cp314-cp314-win32.whl" },
    { url = "https://huggingface.co/csukuangfj2/sherpa-onnx-wheels/resolve/main/cpu/1.12.33/sherpa_onnx-1.12.33-cp314-cp314-win_amd64.whl" },
]

[[package]]
name = "sherpa-onnx-bin"
version = "1.12.33"
source = { registry = "https://k2-fsa.github.io/sherpa/onnx/cpu.html" }
dependencies = [
    { name = "sherpa-onnx-core" },
]
wheels = [
    { url = "https://huggingface.co/csukuangfj2/sherpa-onnx-wheels/resolve/main/cpu/1.12.33/sherpa_onnx_bin-1.12.33-py3-none-macosx_10_15_universal2.whl" },
    { url = "https://huggingface.co/csukuangfj2/sherpa-onnx-wheels/resolve/main/cpu/1.12.33/sherpa_onnx_bin-1.12.33-py3-none-macosx_10_15_x86_64.whl" },
    { url = "https://huggingface.co/csukuangfj2/sherpa-onnx-wheels/resolve/main/cpu/1.12.33/sherpa_onnx_bin-1.12.33-py3-none-macosx_11_0_arm64.whl" },
    { url = "https://huggingface.co/csukuangfj2/sherpa-onnx-wheels/resolve/main/cpu/1.12.33/sherpa_onnx_bin-1.12.33-py3-none-manylinux2014_aarch64.whl" },
    { url = "https://huggingface.co/csukuangfj2/sherpa-onnx-wheels/resolve/main/cpu/1.12.33/sherpa_onnx_bin-1.12.33-py3-none-manylinux2014_x86_64.whl" },
    { url = "https://huggingface.co/csukuangfj2/sherpa-onnx-wheels/resolve/main/cpu/1.12.33/sherpa_onnx_bin-1.12.33-py3-none-manylinux_2_35_armv7l.whl" },
    { url = "https://huggingface.co/csukuangfj2/sherpa-onnx-wheels/resolve/main/cpu/1.12.33/sherpa_onnx_bin-1.12.33-py3-none-win32.whl" },
    { url = "https://huggingface.co/csukuangfj2/sherpa-onnx-wheels/resolve/main/cpu/1.12.33/sherpa_onnx_bin-1.12.33-py3-none-win_amd64.whl" },
]

[[package]]
name = "sherpa-onnx-core"
version = "1.12.33"
source = { registry = "https://k2-fsa.github.io/sherpa/onnx/cpu.html" }
wheels = [
    { url = "https://huggingface.co/csukuangfj2/sherpa-onnx-wheels/resolve/main/cpu/1.12.33/sherpa_onnx_core-1.12.33-py3-none-macosx_10_15_universal2.whl" },
    { url = "https://huggingface.co/csukuangfj2/sherpa-onnx-wheels/resolve/main/cpu/1.12.33/sherpa_onnx_core-1.12.33-py3-none-macosx_10_15_x86_64.whl" },
    { url = "https://huggingface.co/csukuangfj2/sherpa-onnx-wheels/resolve/main/cpu/1.12.33/sherpa_onnx_core-1.12.33-py3-none-macosx_11_0_arm64.whl" },
    { url = "https://huggingface.co/csukuangfj2/sherpa-onnx-wheels/resolve/main/cpu/1.12.33/sherpa_onnx_core-1.12.33-py3-none-manylinux2014_aarch64.whl" },
    { url = "https://huggingface.co/csukuangfj2/sherpa-onnx-wheels/resolve/main/cpu/1.12.33/sherpa_onnx_core-1.12.33-py3-none-manylinux2014_x86_64.whl" },
    { url = "https://huggingface.co/csukuangfj2/sherpa-onnx-wheels/resolve/main/cpu/1.12.33/sherpa_onnx_core-1.12.33-py3-none-manylinux_2_35_armv7l.whl" },
    { url = "https://huggingface.co/csukuangfj2/sherpa-onnx-wheels/resolve/main/cpu/1.12.33/sherpa_onnx_core-1.12.33-py3-none-win32.whl" },
    { url = "https://huggingface.co/csukuangfj2/sherpa-onnx-wheels/resolve/main/cpu/1.12.33/sherpa_onnx_core-1.12.33-py3-none-win_amd64.whl" },
]
